
Microsoft Visual Studio Solution File, Format Version 12.00
# Visual Studio 15
VisualStudioVersion = 15.0.28307.102
MinimumVisualStudioVersion = 10.0.40219.1
Project("{FAE04EC0-301F-11D3-BF4B-00C04F79EFBC}") = "CRUDSample.Android", "CRUDSample\CRUDSample.Android\CRUDSample.Android.csproj", "{04266B37-46DD-48AD-8139-9010CD96F442}"
EndProject
Project("{FAE04EC0-301F-11D3-BF4B-00C04F79EFBC}") = "CRUDSample.iOS", "CRUDSample\CRUDSample.iOS\CRUDSample.iOS.csproj", "{B365D951-293B-4DCA-B250-FA681FF4266C}"
EndProject
Project("{FAE04EC0-301F-11D3-BF4B-00C04F79EFBC}") = "CRUDSample", "CRUDSample\CRUDSample\CRUDSample.csproj", "{9B71B9AB-0086-4DA0-AAD2-6AB9AE665C03}"
EndProject
Global
	GlobalSection(SolutionConfigurationPlatforms) = preSolution
		Ad-Hoc|Any CPU = Ad-Hoc|Any CPU
		Ad-Hoc|iPhone = Ad-Hoc|iPhone
		Ad-Hoc|iPhoneSimulator = Ad-Hoc|iPhoneSimulator
		AppStore|Any CPU = AppStore|Any CPU
		AppStore|iPhone = AppStore|iPhone
		AppStore|iPhoneSimulator = AppStore|iPhoneSimulator
		Debug|Any CPU = Debug|Any CPU
		Debug|iPhone = Debug|iPhone
		Debug|iPhoneSimulator = Debug|iPhoneSimulator
		Release|Any CPU = Release|Any CPU
		Release|iPhone = Release|iPhone
		Release|iPhoneSimulator = Release|iPhoneSimulator
	EndGlobalSection
	GlobalSection(ProjectConfigurationPlatforms) = postSolution
		{04266B37-46DD-48AD-8139-9010CD96F442}.Ad-Hoc|Any CPU.ActiveCfg = Release|Any CPU
		{04266B37-46DD-48AD-8139-9010CD96F442}.Ad-Hoc|Any CPU.Build.0 = Release|Any CPU
		{04266B37-46DD-48AD-8139-9010CD96F442}.Ad-Hoc|Any CPU.Deploy.0 = Release|Any CPU
		{04266B37-46DD-48AD-8139-9010CD96F442}.Ad-Hoc|iPhone.ActiveCfg = Release|Any CPU
		{04266B37-46DD-48AD-8139-9010CD96F442}.Ad-Hoc|iPhone.Build.0 = Release|Any CPU
		{04266B37-46DD-48AD-8139-9010CD96F442}.Ad-Hoc|iPhone.Deploy.0 = Release|Any CPU
		{04266B37-46DD-48AD-8139-9010CD96F442}.Ad-Hoc|iPhoneSimulator.ActiveCfg = Release|Any CPU
		{04266B37-46DD-48AD-8139-9010CD96F442}.Ad-Hoc|iPhoneSimulator.Build.0 = Release|Any CPU
		{04266B37-46DD-48AD-8139-9010CD96F442}.Ad-Hoc|iPhoneSimulator.Deploy.0 = Release|Any CPU
		{04266B37-46DD-48AD-8139-9010CD96F442}.AppStore|Any CPU.ActiveCfg = Release|Any CPU
		{04266B37-46DD-48AD-8139-9010CD96F442}.AppStore|Any CPU.Build.0 = Release|Any CPU
		{04266B37-46DD-48AD-8139-9010CD96F442}.AppStore|Any CPU.Deploy.0 = Release|Any CPU
		{04266B37-46DD-48AD-8139-9010CD96F442}.AppStore|iPhone.ActiveCfg = Release|Any CPU
		{04266B37-46DD-48AD-8139-9010CD96F442}.AppStore|iPhone.Build.0 = Release|Any CPU
		{04266B37-46DD-48AD-8139-9010CD96F442}.AppStore|iPhone.Deploy.0 = Release|Any CPU
		{04266B37-46DD-48AD-8139-9010CD96F442}.AppStore|iPhoneSimulator.ActiveCfg = Release|Any CPU
		{04266B37-46DD-48AD-8139-9010CD96F442}.AppStore|iPhoneSimulator.Build.0 = Release|Any CPU
		{04266B37-46DD-48AD-8139-9010CD96F442}.AppStore|iPhoneSimulator.Deploy.0 = Release|Any CPU
		{04266B37-46DD-48AD-8139-9010CD96F442}.Debug|Any CPU.ActiveCfg = Debug|Any CPU
		{04266B37-46DD-48AD-8139-9010CD96F442}.Debug|Any CPU.Build.0 = Debug|Any CPU
		{04266B37-46DD-48AD-8139-9010CD96F442}.Debug|Any CPU.Deploy.0 = Debug|Any CPU
		{04266B37-46DD-48AD-8139-9010CD96F442}.Debug|iPhone.ActiveCfg = Debug|Any CPU
		{04266B37-46DD-48AD-8139-9010CD96F442}.Debug|iPhone.Build.0 = Debug|Any CPU
		{04266B37-46DD-48AD-8139-9010CD96F442}.Debug|iPhone.Deploy.0 = Debug|Any CPU
		{04266B37-46DD-48AD-8139-9010CD96F442}.Debug|iPhoneSimulator.ActiveCfg = Debug|Any CPU
		{04266B37-46DD-48AD-8139-9010CD96F442}.Debug|iPhoneSimulator.Build.0 = Debug|Any CPU
		{04266B37-46DD-48AD-8139-9010CD96F442}.Debug|iPhoneSimulator.Deploy.0 = Debug|Any CPU
		{04266B37-46DD-48AD-8139-9010CD96F442}.Release|Any CPU.ActiveCfg = Release|Any CPU
		{04266B37-46DD-48AD-8139-9010CD96F442}.Release|Any CPU.Build.0 = Release|Any CPU
		{04266B37-46DD-48AD-8139-9010CD96F442}.Release|Any CPU.Deploy.0 = Release|Any CPU
		{04266B37-46DD-48AD-8139-9010CD96F442}.Release|iPhone.ActiveCfg = Release|Any CPU
		{04266B37-46DD-48AD-8139-9010CD96F442}.Release|iPhone.Build.0 = Release|Any CPU
		{04266B37-46DD-48AD-8139-9010CD96F442}.Release|iPhone.Deploy.0 = Release|Any CPU
		{04266B37-46DD-48AD-8139-9010CD96F442}.Release|iPhoneSimulator.ActiveCfg = Release|Any CPU
		{04266B37-46DD-48AD-8139-9010CD96F442}.Release|iPhoneSimulator.Build.0 = Release|Any CPU
		{04266B37-46DD-48AD-8139-9010CD96F442}.Release|iPhoneSimulator.Deploy.0 = Release|Any CPU
		{B365D951-293B-4DCA-B250-FA681FF4266C}.Ad-Hoc|Any CPU.ActiveCfg = Ad-Hoc|iPhone
		{B365D951-293B-4DCA-B250-FA681FF4266C}.Ad-Hoc|Any CPU.Build.0 = Ad-Hoc|iPhone
		{B365D951-293B-4DCA-B250-FA681FF4266C}.Ad-Hoc|Any CPU.Deploy.0 = Ad-Hoc|iPhone
		{B365D951-293B-4DCA-B250-FA681FF4266C}.Ad-Hoc|iPhone.ActiveCfg = Ad-Hoc|iPhone
		{B365D951-293B-4DCA-B250-FA681FF4266C}.Ad-Hoc|iPhone.Build.0 = Ad-Hoc|iPhone
		{B365D951-293B-4DCA-B250-FA681FF4266C}.Ad-Hoc|iPhone.Deploy.0 = Ad-Hoc|iPhone
		{B365D951-293B-4DCA-B250-FA681FF4266C}.Ad-Hoc|iPhoneSimulator.ActiveCfg = Ad-Hoc|iPhoneSimulator
		{B365D951-293B-4DCA-B250-FA681FF4266C}.Ad-Hoc|iPhoneSimulator.Build.0 = Ad-Hoc|iPhoneSimulator
		{B365D951-293B-4DCA-B250-FA681FF4266C}.Ad-Hoc|iPhoneSimulator.Deploy.0 = Ad-Hoc|iPhoneSimulator
		{B365D951-293B-4DCA-B250-FA681FF4266C}.AppStore|Any CPU.ActiveCfg = AppStore|iPhone
		{B365D951-293B-4DCA-B250-FA681FF4266C}.AppStore|Any CPU.Build.0 = AppStore|iPhone
		{B365D951-293B-4DCA-B250-FA681FF4266C}.AppStore|Any CPU.Deploy.0 = AppStore|iPhone
		{B365D951-293B-4DCA-B250-FA681FF4266C}.AppStore|iPhone.ActiveCfg = AppStore|iPhone
		{B365D951-293B-4DCA-B250-FA681FF4266C}.AppStore|iPhone.Build.0 = AppStore|iPhone
		{B365D951-293B-4DCA-B250-FA681FF4266C}.AppStore|iPhone.Deploy.0 = AppStore|iPhone
		{B365D951-293B-4DCA-B250-FA681FF4266C}.AppStore|iPhoneSimulator.ActiveCfg = AppStore|iPhoneSimulator
		{B365D951-293B-4DCA-B250-FA681FF4266C}.AppStore|iPhoneSimulator.Build.0 = AppStore|iPhoneSimulator
		{B365D951-293B-4DCA-B250-FA681FF4266C}.AppStore|iPhoneSimulator.Deploy.0 = AppStore|iPhoneSimulator
		{B365D951-293B-4DCA-B250-FA681FF4266C}.Debug|Any CPU.ActiveCfg = Debug|iPhoneSimulator
		{B365D951-293B-4DCA-B250-FA681FF4266C}.Debug|Any CPU.Build.0 = Debug|iPhoneSimulator
		{B365D951-293B-4DCA-B250-FA681FF4266C}.Debug|Any CPU.Deploy.0 = Debug|iPhoneSimulator
		{B365D951-293B-4DCA-B250-FA681FF4266C}.Debug|iPhone.ActiveCfg = Debug|iPhone
		{B365D951-293B-4DCA-B250-FA681FF4266C}.Debug|iPhone.Build.0 = Debug|iPhone
		{B365D951-293B-4DCA-B250-FA681FF4266C}.Debug|iPhone.Deploy.0 = Debug|iPhone
		{B365D951-293B-4DCA-B250-FA681FF4266C}.Debug|iPhoneSimulator.ActiveCfg = Debug|iPhoneSimulator
		{B365D951-293B-4DCA-B250-FA681FF4266C}.Debug|iPhoneSimulator.Build.0 = Debug|iPhoneSimulator
		{B365D951-293B-4DCA-B250-FA681FF4266C}.Debug|iPhoneSimulator.Deploy.0 = Debug|iPhoneSimulator
		{B365D951-293B-4DCA-B250-FA681FF4266C}.Release|Any CPU.ActiveCfg = Release|iPhone
		{B365D951-293B-4DCA-B250-FA681FF4266C}.Release|Any CPU.Build.0 = Release|iPhone
		{B365D951-293B-4DCA-B250-FA681FF4266C}.Release|Any CPU.Deploy.0 = Release|iPhone
		{B365D951-293B-4DCA-B250-FA681FF4266C}.Release|iPhone.ActiveCfg = Release|iPhone
		{B365D951-293B-4DCA-B250-FA681FF4266C}.Release|iPhone.Build.0 = Release|iPhone
		{B365D951-293B-4DCA-B250-FA681FF4266C}.Release|iPhone.Deploy.0 = Release|iPhone
		{B365D951-293B-4DCA-B250-FA681FF4266C}.Release|iPhoneSimulator.ActiveCfg = Release|iPhoneSimulator
		{B365D951-293B-4DCA-B250-FA681FF4266C}.Release|iPhoneSimulator.Build.0 = Release|iPhoneSimulator
		{B365D951-293B-4DCA-B250-FA681FF4266C}.Release|iPhoneSimulator.Deploy.0 = Release|iPhoneSimulator
		{9B71B9AB-0086-4DA0-AAD2-6AB9AE665C03}.Ad-Hoc|Any CPU.ActiveCfg = Debug|Any CPU
		{9B71B9AB-0086-4DA0-AAD2-6AB9AE665C03}.Ad-Hoc|Any CPU.Build.0 = Debug|Any CPU
		{9B71B9AB-0086-4DA0-AAD2-6AB9AE665C03}.Ad-Hoc|Any CPU.Deploy.0 = Debug|Any CPU
		{9B71B9AB-0086-4DA0-AAD2-6AB9AE665C03}.Ad-Hoc|iPhone.ActiveCfg = Debug|Any CPU
		{9B71B9AB-0086-4DA0-AAD2-6AB9AE665C03}.Ad-Hoc|iPhone.Build.0 = Debug|Any CPU
		{9B71B9AB-0086-4DA0-AAD2-6AB9AE665C03}.Ad-Hoc|iPhone.Deploy.0 = Debug|Any CPU
		{9B71B9AB-0086-4DA0-AAD2-6AB9AE665C03}.Ad-Hoc|iPhoneSimulator.ActiveCfg = Debug|Any CPU
		{9B71B9AB-0086-4DA0-AAD2-6AB9AE665C03}.Ad-Hoc|iPhoneSimulator.Build.0 = Debug|Any CPU
		{9B71B9AB-0086-4DA0-AAD2-6AB9AE665C03}.Ad-Hoc|iPhoneSimulator.Deploy.0 = Debug|Any CPU
		{9B71B9AB-0086-4DA0-AAD2-6AB9AE665C03}.AppStore|Any CPU.ActiveCfg = Debug|Any CPU
		{9B71B9AB-0086-4DA0-AAD2-6AB9AE665C03}.AppStore|Any CPU.Build.0 = Debug|Any CPU
		{9B71B9AB-0086-4DA0-AAD2-6AB9AE665C03}.AppStore|Any CPU.Deploy.0 = Debug|Any CPU
		{9B71B9AB-0086-4DA0-AAD2-6AB9AE665C03}.AppStore|iPhone.ActiveCfg = Debug|Any CPU
		{9B71B9AB-0086-4DA0-AAD2-6AB9AE665C03}.AppStore|iPhone.Build.0 = Debug|Any CPU
		{9B71B9AB-0086-4DA0-AAD2-6AB9AE665C03}.AppStore|iPhone.Deploy.0 = Debug|Any CPU
		{9B71B9AB-0086-4DA0-AAD2-6AB9AE665C03}.AppStore|iPhoneSimulator.ActiveCfg = Debug|Any CPU
		{9B71B9AB-0086-4DA0-AAD2-6AB9AE665C03}.AppStore|iPhoneSimulator.Build.0 = Debug|Any CPU
		{9B71B9AB-0086-4DA0-AAD2-6AB9AE665C03}.AppStore|iPhoneSimulator.Deploy.0 = Debug|Any CPU
		{9B71B9AB-0086-4DA0-AAD2-6AB9AE665C03}.Debug|Any CPU.ActiveCfg = Debug|Any CPU
		{9B71B9AB-0086-4DA0-AAD2-6AB9AE665C03}.Debug|Any CPU.Build.0 = Debug|Any CPU
		{9B71B9AB-0086-4DA0-AAD2-6AB9AE665C03}.Debug|Any CPU.Deploy.0 = Debug|Any CPU
		{9B71B9AB-0086-4DA0-AAD2-6AB9AE665C03}.Debug|iPhone.ActiveCfg = Debug|Any CPU
		{9B71B9AB-0086-4DA0-AAD2-6AB9AE665C03}.Debug|iPhone.Build.0 = Debug|Any CPU
		{9B71B9AB-0086-4DA0-AAD2-6AB9AE665C03}.Debug|iPhone.Deploy.0 = Debug|Any CPU
		{9B71B9AB-0086-4DA0-AAD2-6AB9AE665C03}.Debug|iPhoneSimulator.ActiveCfg = Debug|Any CPU
		{9B71B9AB-0086-4DA0-AAD2-6AB9AE665C03}.Debug|iPhoneSimulator.Build.0 = Debug|Any CPU
		{9B71B9AB-0086-4DA0-AAD2-6AB9AE665C03}.Debug|iPhoneSimulator.Deploy.0 = Debug|Any CPU
		{9B71B9AB-0086-4DA0-AAD2-6AB9AE665C03}.Release|Any CPU.ActiveCfg = Release|Any CPU
		{9B71B9AB-0086-4DA0-AAD2-6AB9AE665C03}.Release|Any CPU.Build.0 = Release|Any CPU
		{9B71B9AB-0086-4DA0-AAD2-6AB9AE665C03}.Release|Any CPU.Deploy.0 = Release|Any CPU
		{9B71B9AB-0086-4DA0-AAD2-6AB9AE665C03}.Release|iPhone.ActiveCfg = Release|Any CPU
		{9B71B9AB-0086-4DA0-AAD2-6AB9AE665C03}.Release|iPhone.Build.0 = Release|Any CPU
		{9B71B9AB-0086-4DA0-AAD2-6AB9AE665C03}.Release|iPhone.Deploy.0 = Release|Any CPU
		{9B71B9AB-0086-4DA0-AAD2-6AB9AE665C03}.Release|iPhoneSimulator.ActiveCfg = Release|Any CPU
		{9B71B9AB-0086-4DA0-AAD2-6AB9AE665C03}.Release|iPhoneSimulator.Build.0 = Release|Any CPU
		{9B71B9AB-0086-4DA0-AAD2-6AB9AE665C03}.Release|iPhoneSimulator.Deploy.0 = Release|Any CPU
	EndGlobalSection
	GlobalSection(SolutionProperties) = preSolution
		HideSolutionNode = FALSE
	EndGlobalSection
	GlobalSection(ExtensibilityGlobals) = postSolution
		SolutionGuid = {A01A1F46-F920-4023-B459-6996C99110AD}
	EndGlobalSection
EndGlobal
